// !$*UTF8*$!
{
	archiveVersion = 1;
	classes = {
	};
	objectVersion = 56;
	objects = {

/* Begin PBXBuildFile section */
		A10000000000000000000001 /* History.swift in Sources */ = {isa = PBXBuildFile; fileRef = A10000000000000000000003 /* History.swift */; };
		A10000000000000000000002 /* JeroxApp.swift in Sources */ = {isa = PBXBuildFile; fileRef = A10000000000000000000004 /* JeroxApp.swift */; };
		A10000000000000000000014 /* jerox-icon-menu.png in Resources */ = {isa = PBXBuildFile; fileRef = A10000000000000000000015 /* jerox-icon-menu.png */; };
		A10000000000000000000016 /* jerox-icon.png in Resources */ = {isa = PBXBuildFile; fileRef = A10000000000000000000017 /* jerox-icon.png */; };
		A10000000000000000000018 /* jerox-icon.icns in Resources */ = {isa = PBXBuildFile; fileRef = A10000000000000000000019 /* jerox-icon.icns */; };
		A10000000000000000000020 /* Models.swift in Sources */ = {isa = PBXBuildFile; fileRef = A10000000000000000000021 /* Models.swift */; };
		A10000000000000000000022 /* whisper.xcframework in Frameworks */ = {isa = PBXBuildFile; fileRef = A10000000000000000000023 /* whisper.xcframework */; };
		A10000000000000000000024 /* whisper.xcframework in Embed Frameworks */ = {isa = PBXBuildFile; fileRef = A10000000000000000000023 /* whisper.xcframework */; settings = {ATTRIBUTES = (CodeSignOnCopy, RemoveHeadersOnCopy, ); }; };
/* End PBXBuildFile section */

/* Begin PBXCopyFilesBuildPhase section */
		A10000000000000000000025 /* Embed Frameworks */ = {
			isa = PBXCopyFilesBuildPhase;
			buildActionMask = 2147483647;
			dstPath = "";
			dstSubfolderSpec = 10;
			files = (
				A10000000000000000000024 /* whisper.xcframework in Embed Frameworks */,
			);
			name = "Embed Frameworks";
			runOnlyForDeploymentPostprocessing = 0;
		};
/* End PBXCopyFilesBuildPhase section */

/* Begin PBXFileReference section */
		A10000000000000000000003 /* History.swift */ = {isa = PBXFileReference; lastKnownFileType = sourcecode.swift; path = History.swift; sourceTree = "<group>"; };
		A10000000000000000000004 /* JeroxApp.swift */ = {isa = PBXFileReference; lastKnownFileType = sourcecode.swift; path = JeroxApp.swift; sourceTree = "<group>"; };
		A10000000000000000000015 /* jerox-icon-menu.png */ = {isa = PBXFileReference; lastKnownFileType = image.png; path = jerox-icon-menu.png; sourceTree = "<group>"; };
		A10000000000000000000017 /* jerox-icon.png */ = {isa = PBXFileReference; lastKnownFileType = image.png; path = jerox-icon.png; sourceTree = "<group>"; };
		A10000000000000000000019 /* jerox-icon.icns */ = {isa = PBXFileReference; lastKnownFileType = image.icns; path = jerox-icon.icns; sourceTree = "<group>"; };
		A10000000000000000000005 /* Jerox.app */ = {isa = PBXFileReference; explicitFileType = wrapper.application; includeInIndex = 0; path = Jerox.app; sourceTree = BUILT_PRODUCTS_DIR; };
		A10000000000000000000021 /* Models.swift */ = {isa = PBXFileReference; lastKnownFileType = sourcecode.swift; path = Models.swift; sourceTree = "<group>"; };
		A10000000000000000000023 /* whisper.xcframework */ = {isa = PBXFileReference; lastKnownFileType = wrapper.xcframework; path = Vendor/whisper.xcframework; sourceTree = "<group>"; };
/* End PBXFileReference section */

/* Begin PBXFrameworksBuildPhase section */
		A10000000000000000000006 /* Frameworks */ = {
			isa = PBXFrameworksBuildPhase;
			buildActionMask = 2147483647;
			files = (
				A10000000000000000000022 /* whisper.xcframework in Frameworks */,
			);
			runOnlyForDeploymentPostprocessing = 0;
		};
/* End PBXFrameworksBuildPhase section */

/* Begin PBXGroup section */
		A10000000000000000000009 /* Jerox */ = {
			isa = PBXGroup;
			children = (
				A10000000000000000000003 /* History.swift */,
				A10000000000000000000004 /* JeroxApp.swift */,
				A10000000000000000000021 /* Models.swift */,
				A10000000000000000000023 /* whisper.xcframework */,
				A10000000000000000000015 /* jerox-icon-menu.png */,
				A10000000000000000000017 /* jerox-icon.png */,
				A10000000000000000000019 /* jerox-icon.icns */,
			);
			path = Jerox;
			sourceTree = "<group>";
		};
		A1000000000000000000000A /* Products */ = {
			isa = PBXGroup;
			children = (
				A10000000000000000000005 /* Jerox.app */,
			);
			name = Products;
			sourceTree = "<group>";
		};
		A1000000000000000000000B = {
			isa = PBXGroup;
			children = (
				A10000000000000000000009 /* Jerox */,
				A1000000000000000000000A /* Products */,
			);
			sourceTree = "<group>";
		};
/* End PBXGroup section */

/* Begin PBXNativeTarget section */
		A1000000000000000000000C /* Jerox */ = {
			isa = PBXNativeTarget;
			buildConfigurationList = A10000000000000000000012 /* Build configuration list for PBXNativeTarget "Jerox" */;
			buildPhases = (
				A10000000000000000000007 /* Sources */,
				A10000000000000000000006 /* Frameworks */,
				A10000000000000000000008 /* Resources */,
				A10000000000000000000025 /* Embed Frameworks */,
			);
			buildRules = (
			);
			dependencies = (
			);
			name = Jerox;
			productName = Jerox;
			productReference = A10000000000000000000005 /* Jerox.app */;
			productType = "com.apple.product-type.application";
		};
/* End PBXNativeTarget section */

/* Begin PBXProject section */
		A1000000000000000000000D /* Project object */ = {
			isa = PBXProject;
			attributes = {
				BuildIndependentTargetsInParallel = 1;
				LastUpgradeCheck = 2660;
				TargetAttributes = {
					A1000000000000000000000C = {
						CreatedOnToolsVersion = 26.0;
					};
				};
			};
			buildConfigurationList = A10000000000000000000013 /* Build configuration list for PBXProject "Jerox" */;
			compatibilityVersion = "Xcode 14.0";
			developmentRegion = en;
			hasScannedForEncodings = 0;
			knownRegions = (
				en,
				Base,
			);
			mainGroup = A1000000000000000000000B;
			productRefGroup = A1000000000000000000000A /* Products */;
			projectDirPath = "";
			projectRoot = "";
			targets = (
				A1000000000000000000000C /* Jerox */,
			);
		};
/* End PBXProject section */

/* Begin PBXResourcesBuildPhase section */
		A10000000000000000000008 /* Resources */ = {
			isa = PBXResourcesBuildPhase;
			buildActionMask = 2147483647;
			files = (
				A10000000000000000000014 /* jerox-icon-menu.png in Resources */,
				A10000000000000000000016 /* jerox-icon.png in Resources */,
				A10000000000000000000018 /* jerox-icon.icns in Resources */,
			);
			runOnlyForDeploymentPostprocessing = 0;
		};
/* End PBXResourcesBuildPhase section */

/* Begin PBXSourcesBuildPhase section */
		A10000000000000000000007 /* Sources */ = {
			isa = PBXSourcesBuildPhase;
			buildActionMask = 2147483647;
			files = (
				A10000000000000000000001 /* History.swift in Sources */,
				A10000000000000000000002 /* JeroxApp.swift in Sources */,
				A10000000000000000000020 /* Models.swift in Sources */,
			);
			runOnlyForDeploymentPostprocessing = 0;
		};
/* End PBXSourcesBuildPhase section */

/* Begin XCBuildConfiguration section */
		A1000000000000000000000E /* Debug */ = {
			isa = XCBuildConfiguration;
			buildSettings = {
				CODE_SIGN_IDENTITY = "Apple Development";
				CODE_SIGN_STYLE = Automatic;
				COMBINE_HIDPI_IMAGES = YES;
				CURRENT_PROJECT_VERSION = 1;
				DEVELOPMENT_TEAM = 5QDKTMLU6B;
				ENABLE_HARDENED_RUNTIME = NO;
				GENERATE_INFOPLIST_FILE = YES;
				INFOPLIST_FILE = Jerox/Info.plist;
				INFOPLIST_KEY_LSUIElement = YES;
				LD_RUNPATH_SEARCH_PATHS = (
					"$(inherited)",
					"@executable_path/../Frameworks",
				);
				MACOSX_DEPLOYMENT_TARGET = 15.1;
				MARKETING_VERSION = 0.1;
				OTHER_LDFLAGS = (
					"$(inherited)",
					"-weak_framework",
					FoundationModels,
				);
				PRODUCT_BUNDLE_IDENTIFIER = com.jxngrx.jerox;
				PRODUCT_NAME = "$(TARGET_NAME)";
				PROVISIONING_PROFILE_SPECIFIER = "";
				SWIFT_VERSION = 5.0;
			};
			name = Debug;
		};
		A1000000000000000000000F /* Release */ = {
			isa = XCBuildConfiguration;
			buildSettings = {
				CODE_SIGN_IDENTITY = "Apple Development";
				CODE_SIGN_STYLE = Automatic;
				COMBINE_HIDPI_IMAGES = YES;
				CURRENT_PROJECT_VERSION = 1;
				DEVELOPMENT_TEAM = 5QDKTMLU6B;
				ENABLE_HARDENED_RUNTIME = NO;
				GENERATE_INFOPLIST_FILE = YES;
				INFOPLIST_FILE = Jerox/Info.plist;
				INFOPLIST_KEY_LSUIElement = YES;
				LD_RUNPATH_SEARCH_PATHS = (
					"$(inherited)",
					"@executable_path/../Frameworks",
				);
				MACOSX_DEPLOYMENT_TARGET = 15.1;
				MARKETING_VERSION = 0.1;
				OTHER_LDFLAGS = (
					"$(inherited)",
					"-weak_framework",
					FoundationModels,
				);
				PRODUCT_BUNDLE_IDENTIFIER = com.jxngrx.jerox;
				PRODUCT_NAME = "$(TARGET_NAME)";
				PROVISIONING_PROFILE_SPECIFIER = "";
				SWIFT_VERSION = 5.0;
			};
			name = Release;
		};
		A10000000000000000000010 /* Debug */ = {
			isa = XCBuildConfiguration;
			buildSettings = {
				ALWAYS_SEARCH_USER_PATHS = NO;
				CLANG_ENABLE_MODULES = YES;
				DEBUG_INFORMATION_FORMAT = dwarf;
				GCC_OPTIMIZATION_LEVEL = 0;
				MACOSX_DEPLOYMENT_TARGET = 15.1;
				ONLY_ACTIVE_ARCH = YES;
				SDKROOT = macosx;
				SWIFT_ACTIVE_COMPILATION_CONDITIONS = "DEBUG $(inherited)";
				SWIFT_OPTIMIZATION_LEVEL = "-Onone";
				SWIFT_VERSION = 5.0;
			};
			name = Debug;
		};
		A10000000000000000000011 /* Release */ = {
			isa = XCBuildConfiguration;
			buildSettings = {
				ALWAYS_SEARCH_USER_PATHS = NO;
				CLANG_ENABLE_MODULES = YES;
				DEBUG_INFORMATION_FORMAT = "dwarf-with-dsym";
				MACOSX_DEPLOYMENT_TARGET = 15.1;
				SDKROOT = macosx;
				SWIFT_COMPILATION_MODE = wholemodule;
				SWIFT_VERSION = 5.0;
			};
			name = Release;
		};
/* End XCBuildConfiguration section */

/* Begin XCConfigurationList section */
		A10000000000000000000012 /* Build configuration list for PBXNativeTarget "Jerox" */ = {
			isa = XCConfigurationList;
			buildConfigurations = (
				A1000000000000000000000E /* Debug */,
				A1000000000000000000000F /* Release */,
			);
			defaultConfigurationIsVisible = 0;
			defaultConfigurationName = Release;
		};
		A10000000000000000000013 /* Build configuration list for PBXProject "Jerox" */ = {
			isa = XCConfigurationList;
			buildConfigurations = (
				A10000000000000000000010 /* Debug */,
				A10000000000000000000011 /* Release */,
			);
			defaultConfigurationIsVisible = 0;
			defaultConfigurationName = Release;
		};
/* End XCConfigurationList section */
	};
	rootObject = A1000000000000000000000D /* Project object */;
}
